
Microsoft Visual Studio Solution File, Format Version 12.00
# Visual Studio Version 17
VisualStudioVersion = 17.14.36518.9
MinimumVisualStudioVersion = 10.0.40219.1
Project("{FAE04EC0-301F-11D3-BF4B-00C04F79EFBC}") = "Buoi02_Bai_2_1", "Buoi02_Bai_2_1\Buoi02_Bai_2_1.csproj", "{F285C1DB-1A18-427B-A9B7-5AE2687674AD}"
EndProject
Project("{FAE04EC0-301F-11D3-BF4B-00C04F79EFBC}") = "Buoi02_Bai_2_2", "Buoi02_Bai_2_2\Buoi02_Bai_2_2.csproj", "{F40CD15D-8352-4ED1-8C62-7218CF304EEC}"
EndProject
Project("{FAE04EC0-301F-11D3-BF4B-00C04F79EFBC}") = "Buoi02_Bai_2_3", "Buoi02_Bai_2_3\Buoi02_Bai_2_3.csproj", "{CB62B654-6D83-4069-AC00-2385C5270338}"
EndProject
Project("{FAE04EC0-301F-11D3-BF4B-00C04F79EFBC}") = "Buoi02_Bai_2_4", "Buoi02_Bai_2_4\Buoi02_Bai_2_4.csproj", "{DBC4EF55-E9AE-412C-8F5C-0B1EF02EE80F}"
EndProject
Project("{FAE04EC0-301F-11D3-BF4B-00C04F79EFBC}") = "Buoi02_Bai_2_5", "Buoi02_Bai_2_5\Buoi02_Bai_2_5.csproj", "{04D94394-03C7-4746-A1B0-874A10145647}"
EndProject
Project("{FAE04EC0-301F-11D3-BF4B-00C04F79EFBC}") = "Buoi02_Bai_2_6", "Buoi02_Bai_2_6\Buoi02_Bai_2_6.csproj", "{FED77662-7DA7-4D2D-A459-849EF6318D8C}"
EndProject
Project("{FAE04EC0-301F-11D3-BF4B-00C04F79EFBC}") = "Buoi02_Bai_2_7", "Buoi02_Bai_2_7\Buoi02_Bai_2_7.csproj", "{5BA470F5-5ECC-4918-BF6F-DB8EA8111C6C}"
EndProject
Project("{FAE04EC0-301F-11D3-BF4B-00C04F79EFBC}") = "Buoi02_Bai_2_8", "Buoi02_Bai_2_8\Buoi02_Bai_2_8.csproj", "{A235F144-5149-4898-AEE0-8073AADCD306}"
EndProject
Project("{FAE04EC0-301F-11D3-BF4B-00C04F79EFBC}") = "Buoi02_Bai_2_9", "Buoi02_Bai_2_9\Buoi02_Bai_2_9.csproj", "{FABCDFA4-7960-4473-8186-160E4BED63D8}"
EndProject
Project("{FAE04EC0-301F-11D3-BF4B-00C04F79EFBC}") = "Buoi02_Bai_2_10", "Buoi02_Bai_2_10\Buoi02_Bai_2_10.csproj", "{C3FDA363-F1A7-406B-AF7E-EB042FFBF2C0}"
EndProject
Project("{FAE04EC0-301F-11D3-BF4B-00C04F79EFBC}") = "Buoi03_Bai_3_1", "Buoi03_Bai_3_1\Buoi03_Bai_3_1.csproj", "{3C8D3362-3063-44F4-8655-90B5DFE84AA0}"
EndProject
Project("{FAE04EC0-301F-11D3-BF4B-00C04F79EFBC}") = "Buoi03_Bai_3_2", "Buoi03_Bai_3_2\Buoi03_Bai_3_2.csproj", "{28501479-DF6E-447C-BE6B-3B642BE4577E}"
EndProject
Project("{FAE04EC0-301F-11D3-BF4B-00C04F79EFBC}") = "Buoi03_Bai_3_3", "Buoi03_Bai_3_3\Buoi03_Bai_3_3.csproj", "{FFC07B45-C374-48B4-9FF0-A5D0ADAFE67B}"
EndProject
Project("{FAE04EC0-301F-11D3-BF4B-00C04F79EFBC}") = "Buoi03_Bai_3_4", "Buoi03_Bai_3_4\Buoi03_Bai_3_4.csproj", "{A609AE95-1834-420D-ACA2-982A1BC8C14C}"
EndProject
Project("{FAE04EC0-301F-11D3-BF4B-00C04F79EFBC}") = "Buoi03_Bai_3_5", "Buoi03_Bai_3_5\Buoi03_Bai_3_5.csproj", "{32634DF6-4BBA-4036-AC7F-3F6F1CA18719}"
EndProject
Project("{FAE04EC0-301F-11D3-BF4B-00C04F79EFBC}") = "Buoi03_Bai_3_6", "Buoi03_Bai_3_6\Buoi03_Bai_3_6.csproj", "{3330E242-FC4D-469E-8A65-1168618BA31F}"
EndProject
Project("{FAE04EC0-301F-11D3-BF4B-00C04F79EFBC}") = "Buoi03_Bai_3_7", "Buoi03_Bai_3_7\Buoi03_Bai_3_7.csproj", "{30EACAA9-1CD2-4C0E-8156-C6900938BA4E}"
EndProject
Project("{FAE04EC0-301F-11D3-BF4B-00C04F79EFBC}") = "Buoi03_Bai_3_8", "Buoi03_Bai_3_8\Buoi03_Bai_3_8.csproj", "{1EB6E205-1FD4-4933-B7A5-ECA74949B3D8}"
EndProject
Project("{FAE04EC0-301F-11D3-BF4B-00C04F79EFBC}") = "Buoi03_Bai_3_9", "Buoi03_Bai_3_9\Buoi03_Bai_3_9.csproj", "{7A32FA99-A7C0-4657-8B2F-8E3A6E1EBFB1}"
EndProject
Project("{FAE04EC0-301F-11D3-BF4B-00C04F79EFBC}") = "Buoi04_Bai_4_1", "Buoi04_Bai_4_1\Buoi04_Bai_4_1.csproj", "{C04A169F-F593-44CB-A0C2-FBBBF023D658}"
EndProject
Project("{FAE04EC0-301F-11D3-BF4B-00C04F79EFBC}") = "Buoi04_Bai_4_2", "Buoi04_Bai_4_2\Buoi04_Bai_4_2.csproj", "{97D3AC42-C446-4BBD-8730-BAEB2966E991}"
EndProject
Project("{FAE04EC0-301F-11D3-BF4B-00C04F79EFBC}") = "Buoi04_Bai_4_3", "Buoi04_Bai_4_3\Buoi04_Bai_4_3.csproj", "{848B4837-7C12-436B-B8F1-551E46DF7A87}"
EndProject
Project("{FAE04EC0-301F-11D3-BF4B-00C04F79EFBC}") = "Buoi05_Bai_5_1", "Buoi05_Bai_5_1\Buoi05_Bai_5_1.csproj", "{01FE6A68-240C-4A13-852D-3FE72779398D}"
EndProject
Project("{FAE04EC0-301F-11D3-BF4B-00C04F79EFBC}") = "Buoi05_Bai_5_2", "Buoi05_Bai_5_2\Buoi05_Bai_5_2.csproj", "{AE88DA52-9671-4BF8-8C3C-29736D14DF58}"
EndProject
Project("{FAE04EC0-301F-11D3-BF4B-00C04F79EFBC}") = "Buoi05_Bai_5_3", "Buoi05_Bai_5_3\Buoi05_Bai_5_3.csproj", "{9F93D880-8792-4F31-90AC-E915BFD44B45}"
EndProject
Project("{FAE04EC0-301F-11D3-BF4B-00C04F79EFBC}") = "Buoi05_Bai_5_4", "Buoi05_Bai_5_4\Buoi05_Bai_5_4.csproj", "{701D117F-B02D-466B-9BF3-9E4FA97B622B}"
EndProject
Project("{FAE04EC0-301F-11D3-BF4B-00C04F79EFBC}") = "Buoi05_Bai_5_5", "Buoi05_Bai_5_5\Buoi05_Bai_5_5.csproj", "{1DE1CFDB-6814-455D-A72A-94ACDB629BD6}"
EndProject
Project("{FAE04EC0-301F-11D3-BF4B-00C04F79EFBC}") = "Buoi05_Bai_5_6", "Buoi05_Bai_5_6\Buoi05_Bai_5_6.csproj", "{5BCB4696-369D-4E81-99A2-AB2F91170A48}"
EndProject
Project("{FAE04EC0-301F-11D3-BF4B-00C04F79EFBC}") = "Buoi05_Bai_5_7", "Buoi05_Bai_5_7\Buoi05_Bai_5_7.csproj", "{8885724D-E773-4379-9078-FD0057EDEB7C}"
EndProject
Project("{FAE04EC0-301F-11D3-BF4B-00C04F79EFBC}") = "Buoi06_Bai_6_1", "Buoi06_Bai_6_1\Buoi06_Bai_6_1.csproj", "{AF02B0B2-C97E-498F-ACBF-3403BAA61726}"
EndProject
Project("{FAE04EC0-301F-11D3-BF4B-00C04F79EFBC}") = "Buoi06_Bai_6_2", "Buoi06_Bai_6_2\Buoi06_Bai_6_2.csproj", "{9B245968-200E-4D1F-9F31-8E089E5B87AE}"
EndProject
Project("{FAE04EC0-301F-11D3-BF4B-00C04F79EFBC}") = "Buoi06_Bai_6_3", "Buoi06_Bai_6_3\Buoi06_Bai_6_3.csproj", "{E0375505-8068-4D33-A602-827F4A0647E4}"
EndProject
Project("{FAE04EC0-301F-11D3-BF4B-00C04F79EFBC}") = "Buoi06_Bai_6_4", "Buoi06_Bai_6_4\Buoi06_Bai_6_4.csproj", "{8F402B4B-2D62-40F9-B374-73E20504E488}"
EndProject
Project("{FAE04EC0-301F-11D3-BF4B-00C04F79EFBC}") = "Buoi07_Bai_7_1", "Buoi07_Bai_7_1\Buoi07_Bai_7_1.csproj", "{825D0468-7B0F-401C-A6D6-76931DD1D60B}"
EndProject
Project("{FAE04EC0-301F-11D3-BF4B-00C04F79EFBC}") = "Buoi07_Bai_7_2", "Buoi07_Bai_7_2\Buoi07_Bai_7_2.csproj", "{C47B2B41-E50D-464D-9C0A-B8D0609841A5}"
EndProject
Project("{FAE04EC0-301F-11D3-BF4B-00C04F79EFBC}") = "Buoi07_Bai_7_3", "Buoi07_Bai_7_3\Buoi07_Bai_7_3.csproj", "{52EB206D-3DC9-4A5E-9F90-03CE5F1435E3}"
EndProject
Project("{FAE04EC0-301F-11D3-BF4B-00C04F79EFBC}") = "Buoi07_Bai_7_4", "Buoi07_Bai_7_4\Buoi07_Bai_7_4.csproj", "{268F62BB-0B3D-42B0-A31C-90ACDDCF6055}"
EndProject
Project("{FAE04EC0-301F-11D3-BF4B-00C04F79EFBC}") = "Buoi07_Bai_7_5", "Buoi07_Bai_7_5\Buoi07_Bai_7_5.csproj", "{B6BCFFF3-C525-4A48-9C7D-36A9FA792DF0}"
EndProject
Project("{FAE04EC0-301F-11D3-BF4B-00C04F79EFBC}") = "Buoi08_Bai_8", "Buoi08_Bai_8\Buoi08_Bai_8.csproj", "{F0DC4D69-5AF2-41F2-A0CD-270B6DBBCFDD}"
EndProject
Project("{FAE04EC0-301F-11D3-BF4B-00C04F79EFBC}") = "Buoi09_Bai_9", "Buoi09_Bai_9\Buoi09_Bai_9.csproj", "{67AE51E2-8FB2-4BAA-874A-59C76F780D1A}"
EndProject
Project("{FAE04EC0-301F-11D3-BF4B-00C04F79EFBC}") = "Buoi10_Bai_1_MySQL", "Buoi10_Bai_1\Buoi10_Bai_1_MySQL.csproj", "{4ABFEF06-34A6-4454-8483-66D3646FADC9}"
EndProject
Project("{FAE04EC0-301F-11D3-BF4B-00C04F79EFBC}") = "Buoi10_Bai_1_SQLsever", "Buoi10_Bai_1_SQLsever\Buoi10_Bai_1_SQLsever.csproj", "{92DD8BFF-6959-4094-838E-DFA2A8B08E55}"
EndProject
Project("{FAE04EC0-301F-11D3-BF4B-00C04F79EFBC}") = "Buoi11_Bai_1_SQLsever", "Buoi11_Bai_1_SQLsever\Buoi11_Bai_1_SQLsever.csproj", "{1CEB047B-FD20-4A1F-8F02-9918A3DD8BF1}"
EndProject
Global
	GlobalSection(SolutionConfigurationPlatforms) = preSolution
		Debug|Any CPU = Debug|Any CPU
		Release|Any CPU = Release|Any CPU
	EndGlobalSection
	GlobalSection(ProjectConfigurationPlatforms) = postSolution
		{F285C1DB-1A18-427B-A9B7-5AE2687674AD}.Debug|Any CPU.ActiveCfg = Debug|Any CPU
		{F285C1DB-1A18-427B-A9B7-5AE2687674AD}.Debug|Any CPU.Build.0 = Debug|Any CPU
		{F285C1DB-1A18-427B-A9B7-5AE2687674AD}.Release|Any CPU.ActiveCfg = Release|Any CPU
		{F285C1DB-1A18-427B-A9B7-5AE2687674AD}.Release|Any CPU.Build.0 = Release|Any CPU
		{F40CD15D-8352-4ED1-8C62-7218CF304EEC}.Debug|Any CPU.ActiveCfg = Debug|Any CPU
		{F40CD15D-8352-4ED1-8C62-7218CF304EEC}.Debug|Any CPU.Build.0 = Debug|Any CPU
		{F40CD15D-8352-4ED1-8C62-7218CF304EEC}.Release|Any CPU.ActiveCfg = Release|Any CPU
		{F40CD15D-8352-4ED1-8C62-7218CF304EEC}.Release|Any CPU.Build.0 = Release|Any CPU
		{CB62B654-6D83-4069-AC00-2385C5270338}.Debug|Any CPU.ActiveCfg = Debug|Any CPU
		{CB62B654-6D83-4069-AC00-2385C5270338}.Debug|Any CPU.Build.0 = Debug|Any CPU
		{CB62B654-6D83-4069-AC00-2385C5270338}.Release|Any CPU.ActiveCfg = Release|Any CPU
		{CB62B654-6D83-4069-AC00-2385C5270338}.Release|Any CPU.Build.0 = Release|Any CPU
		{DBC4EF55-E9AE-412C-8F5C-0B1EF02EE80F}.Debug|Any CPU.ActiveCfg = Debug|Any CPU
		{DBC4EF55-E9AE-412C-8F5C-0B1EF02EE80F}.Debug|Any CPU.Build.0 = Debug|Any CPU
		{DBC4EF55-E9AE-412C-8F5C-0B1EF02EE80F}.Release|Any CPU.ActiveCfg = Release|Any CPU
		{DBC4EF55-E9AE-412C-8F5C-0B1EF02EE80F}.Release|Any CPU.Build.0 = Release|Any CPU
		{04D94394-03C7-4746-A1B0-874A10145647}.Debug|Any CPU.ActiveCfg = Debug|Any CPU
		{04D94394-03C7-4746-A1B0-874A10145647}.Debug|Any CPU.Build.0 = Debug|Any CPU
		{04D94394-03C7-4746-A1B0-874A10145647}.Release|Any CPU.ActiveCfg = Release|Any CPU
		{04D94394-03C7-4746-A1B0-874A10145647}.Release|Any CPU.Build.0 = Release|Any CPU
		{FED77662-7DA7-4D2D-A459-849EF6318D8C}.Debug|Any CPU.ActiveCfg = Debug|Any CPU
		{FED77662-7DA7-4D2D-A459-849EF6318D8C}.Debug|Any CPU.Build.0 = Debug|Any CPU
		{FED77662-7DA7-4D2D-A459-849EF6318D8C}.Release|Any CPU.ActiveCfg = Release|Any CPU
		{FED77662-7DA7-4D2D-A459-849EF6318D8C}.Release|Any CPU.Build.0 = Release|Any CPU
		{5BA470F5-5ECC-4918-BF6F-DB8EA8111C6C}.Debug|Any CPU.ActiveCfg = Debug|Any CPU
		{5BA470F5-5ECC-4918-BF6F-DB8EA8111C6C}.Debug|Any CPU.Build.0 = Debug|Any CPU
		{5BA470F5-5ECC-4918-BF6F-DB8EA8111C6C}.Release|Any CPU.ActiveCfg = Release|Any CPU
		{5BA470F5-5ECC-4918-BF6F-DB8EA8111C6C}.Release|Any CPU.Build.0 = Release|Any CPU
		{A235F144-5149-4898-AEE0-8073AADCD306}.Debug|Any CPU.ActiveCfg = Debug|Any CPU
		{A235F144-5149-4898-AEE0-8073AADCD306}.Debug|Any CPU.Build.0 = Debug|Any CPU
		{A235F144-5149-4898-AEE0-8073AADCD306}.Release|Any CPU.ActiveCfg = Release|Any CPU
		{A235F144-5149-4898-AEE0-8073AADCD306}.Release|Any CPU.Build.0 = Release|Any CPU
		{FABCDFA4-7960-4473-8186-160E4BED63D8}.Debug|Any CPU.ActiveCfg = Debug|Any CPU
		{FABCDFA4-7960-4473-8186-160E4BED63D8}.Debug|Any CPU.Build.0 = Debug|Any CPU
		{FABCDFA4-7960-4473-8186-160E4BED63D8}.Release|Any CPU.ActiveCfg = Release|Any CPU
		{FABCDFA4-7960-4473-8186-160E4BED63D8}.Release|Any CPU.Build.0 = Release|Any CPU
		{C3FDA363-F1A7-406B-AF7E-EB042FFBF2C0}.Debug|Any CPU.ActiveCfg = Debug|Any CPU
		{C3FDA363-F1A7-406B-AF7E-EB042FFBF2C0}.Debug|Any CPU.Build.0 = Debug|Any CPU
		{C3FDA363-F1A7-406B-AF7E-EB042FFBF2C0}.Release|Any CPU.ActiveCfg = Release|Any CPU
		{C3FDA363-F1A7-406B-AF7E-EB042FFBF2C0}.Release|Any CPU.Build.0 = Release|Any CPU
		{3C8D3362-3063-44F4-8655-90B5DFE84AA0}.Debug|Any CPU.ActiveCfg = Debug|Any CPU
		{3C8D3362-3063-44F4-8655-90B5DFE84AA0}.Debug|Any CPU.Build.0 = Debug|Any CPU
		{3C8D3362-3063-44F4-8655-90B5DFE84AA0}.Release|Any CPU.ActiveCfg = Release|Any CPU
		{3C8D3362-3063-44F4-8655-90B5DFE84AA0}.Release|Any CPU.Build.0 = Release|Any CPU
		{28501479-DF6E-447C-BE6B-3B642BE4577E}.Debug|Any CPU.ActiveCfg = Debug|Any CPU
		{28501479-DF6E-447C-BE6B-3B642BE4577E}.Debug|Any CPU.Build.0 = Debug|Any CPU
		{28501479-DF6E-447C-BE6B-3B642BE4577E}.Release|Any CPU.ActiveCfg = Release|Any CPU
		{28501479-DF6E-447C-BE6B-3B642BE4577E}.Release|Any CPU.Build.0 = Release|Any CPU
		{FFC07B45-C374-48B4-9FF0-A5D0ADAFE67B}.Debug|Any CPU.ActiveCfg = Debug|Any CPU
		{FFC07B45-C374-48B4-9FF0-A5D0ADAFE67B}.Debug|Any CPU.Build.0 = Debug|Any CPU
		{FFC07B45-C374-48B4-9FF0-A5D0ADAFE67B}.Release|Any CPU.ActiveCfg = Release|Any CPU
		{FFC07B45-C374-48B4-9FF0-A5D0ADAFE67B}.Release|Any CPU.Build.0 = Release|Any CPU
		{A609AE95-1834-420D-ACA2-982A1BC8C14C}.Debug|Any CPU.ActiveCfg = Debug|Any CPU
		{A609AE95-1834-420D-ACA2-982A1BC8C14C}.Debug|Any CPU.Build.0 = Debug|Any CPU
		{A609AE95-1834-420D-ACA2-982A1BC8C14C}.Release|Any CPU.ActiveCfg = Release|Any CPU
		{A609AE95-1834-420D-ACA2-982A1BC8C14C}.Release|Any CPU.Build.0 = Release|Any CPU
		{32634DF6-4BBA-4036-AC7F-3F6F1CA18719}.Debug|Any CPU.ActiveCfg = Debug|Any CPU
		{32634DF6-4BBA-4036-AC7F-3F6F1CA18719}.Debug|Any CPU.Build.0 = Debug|Any CPU
		{32634DF6-4BBA-4036-AC7F-3F6F1CA18719}.Release|Any CPU.ActiveCfg = Release|Any CPU
		{32634DF6-4BBA-4036-AC7F-3F6F1CA18719}.Release|Any CPU.Build.0 = Release|Any CPU
		{3330E242-FC4D-469E-8A65-1168618BA31F}.Debug|Any CPU.ActiveCfg = Debug|Any CPU
		{3330E242-FC4D-469E-8A65-1168618BA31F}.Debug|Any CPU.Build.0 = Debug|Any CPU
		{3330E242-FC4D-469E-8A65-1168618BA31F}.Release|Any CPU.ActiveCfg = Release|Any CPU
		{3330E242-FC4D-469E-8A65-1168618BA31F}.Release|Any CPU.Build.0 = Release|Any CPU
		{30EACAA9-1CD2-4C0E-8156-C6900938BA4E}.Debug|Any CPU.ActiveCfg = Debug|Any CPU
		{30EACAA9-1CD2-4C0E-8156-C6900938BA4E}.Debug|Any CPU.Build.0 = Debug|Any CPU
		{30EACAA9-1CD2-4C0E-8156-C6900938BA4E}.Release|Any CPU.ActiveCfg = Release|Any CPU
		{30EACAA9-1CD2-4C0E-8156-C6900938BA4E}.Release|Any CPU.Build.0 = Release|Any CPU
		{1EB6E205-1FD4-4933-B7A5-ECA74949B3D8}.Debug|Any CPU.ActiveCfg = Debug|Any CPU
		{1EB6E205-1FD4-4933-B7A5-ECA74949B3D8}.Debug|Any CPU.Build.0 = Debug|Any CPU
		{1EB6E205-1FD4-4933-B7A5-ECA74949B3D8}.Release|Any CPU.ActiveCfg = Release|Any CPU
		{1EB6E205-1FD4-4933-B7A5-ECA74949B3D8}.Release|Any CPU.Build.0 = Release|Any CPU
		{7A32FA99-A7C0-4657-8B2F-8E3A6E1EBFB1}.Debug|Any CPU.ActiveCfg = Debug|Any CPU
		{7A32FA99-A7C0-4657-8B2F-8E3A6E1EBFB1}.Debug|Any CPU.Build.0 = Debug|Any CPU
		{7A32FA99-A7C0-4657-8B2F-8E3A6E1EBFB1}.Release|Any CPU.ActiveCfg = Release|Any CPU
		{7A32FA99-A7C0-4657-8B2F-8E3A6E1EBFB1}.Release|Any CPU.Build.0 = Release|Any CPU
		{C04A169F-F593-44CB-A0C2-FBBBF023D658}.Debug|Any CPU.ActiveCfg = Debug|Any CPU
		{C04A169F-F593-44CB-A0C2-FBBBF023D658}.Debug|Any CPU.Build.0 = Debug|Any CPU
		{C04A169F-F593-44CB-A0C2-FBBBF023D658}.Release|Any CPU.ActiveCfg = Release|Any CPU
		{C04A169F-F593-44CB-A0C2-FBBBF023D658}.Release|Any CPU.Build.0 = Release|Any CPU
		{97D3AC42-C446-4BBD-8730-BAEB2966E991}.Debug|Any CPU.ActiveCfg = Debug|Any CPU
		{97D3AC42-C446-4BBD-8730-BAEB2966E991}.Debug|Any CPU.Build.0 = Debug|Any CPU
		{97D3AC42-C446-4BBD-8730-BAEB2966E991}.Release|Any CPU.ActiveCfg = Release|Any CPU
		{97D3AC42-C446-4BBD-8730-BAEB2966E991}.Release|Any CPU.Build.0 = Release|Any CPU
		{848B4837-7C12-436B-B8F1-551E46DF7A87}.Debug|Any CPU.ActiveCfg = Debug|Any CPU
		{848B4837-7C12-436B-B8F1-551E46DF7A87}.Debug|Any CPU.Build.0 = Debug|Any CPU
		{848B4837-7C12-436B-B8F1-551E46DF7A87}.Release|Any CPU.ActiveCfg = Release|Any CPU
		{848B4837-7C12-436B-B8F1-551E46DF7A87}.Release|Any CPU.Build.0 = Release|Any CPU
		{01FE6A68-240C-4A13-852D-3FE72779398D}.Debug|Any CPU.ActiveCfg = Debug|Any CPU
		{01FE6A68-240C-4A13-852D-3FE72779398D}.Debug|Any CPU.Build.0 = Debug|Any CPU
		{01FE6A68-240C-4A13-852D-3FE72779398D}.Release|Any CPU.ActiveCfg = Release|Any CPU
		{01FE6A68-240C-4A13-852D-3FE72779398D}.Release|Any CPU.Build.0 = Release|Any CPU
		{AE88DA52-9671-4BF8-8C3C-29736D14DF58}.Debug|Any CPU.ActiveCfg = Debug|Any CPU
		{AE88DA52-9671-4BF8-8C3C-29736D14DF58}.Debug|Any CPU.Build.0 = Debug|Any CPU
		{AE88DA52-9671-4BF8-8C3C-29736D14DF58}.Release|Any CPU.ActiveCfg = Release|Any CPU
		{AE88DA52-9671-4BF8-8C3C-29736D14DF58}.Release|Any CPU.Build.0 = Release|Any CPU
		{9F93D880-8792-4F31-90AC-E915BFD44B45}.Debug|Any CPU.ActiveCfg = Debug|Any CPU
		{9F93D880-8792-4F31-90AC-E915BFD44B45}.Debug|Any CPU.Build.0 = Debug|Any CPU
		{9F93D880-8792-4F31-90AC-E915BFD44B45}.Release|Any CPU.ActiveCfg = Release|Any CPU
		{9F93D880-8792-4F31-90AC-E915BFD44B45}.Release|Any CPU.Build.0 = Release|Any CPU
		{701D117F-B02D-466B-9BF3-9E4FA97B622B}.Debug|Any CPU.ActiveCfg = Debug|Any CPU
		{701D117F-B02D-466B-9BF3-9E4FA97B622B}.Debug|Any CPU.Build.0 = Debug|Any CPU
		{701D117F-B02D-466B-9BF3-9E4FA97B622B}.Release|Any CPU.ActiveCfg = Release|Any CPU
		{701D117F-B02D-466B-9BF3-9E4FA97B622B}.Release|Any CPU.Build.0 = Release|Any CPU
		{1DE1CFDB-6814-455D-A72A-94ACDB629BD6}.Debug|Any CPU.ActiveCfg = Debug|Any CPU
		{1DE1CFDB-6814-455D-A72A-94ACDB629BD6}.Debug|Any CPU.Build.0 = Debug|Any CPU
		{1DE1CFDB-6814-455D-A72A-94ACDB629BD6}.Release|Any CPU.ActiveCfg = Release|Any CPU
		{1DE1CFDB-6814-455D-A72A-94ACDB629BD6}.Release|Any CPU.Build.0 = Release|Any CPU
		{5BCB4696-369D-4E81-99A2-AB2F91170A48}.Debug|Any CPU.ActiveCfg = Debug|Any CPU
		{5BCB4696-369D-4E81-99A2-AB2F91170A48}.Debug|Any CPU.Build.0 = Debug|Any CPU
		{5BCB4696-369D-4E81-99A2-AB2F91170A48}.Release|Any CPU.ActiveCfg = Release|Any CPU
		{5BCB4696-369D-4E81-99A2-AB2F91170A48}.Release|Any CPU.Build.0 = Release|Any CPU
		{8885724D-E773-4379-9078-FD0057EDEB7C}.Debug|Any CPU.ActiveCfg = Debug|Any CPU
		{8885724D-E773-4379-9078-FD0057EDEB7C}.Debug|Any CPU.Build.0 = Debug|Any CPU
		{8885724D-E773-4379-9078-FD0057EDEB7C}.Release|Any CPU.ActiveCfg = Release|Any CPU
		{8885724D-E773-4379-9078-FD0057EDEB7C}.Release|Any CPU.Build.0 = Release|Any CPU
		{AF02B0B2-C97E-498F-ACBF-3403BAA61726}.Debug|Any CPU.ActiveCfg = Debug|Any CPU
		{AF02B0B2-C97E-498F-ACBF-3403BAA61726}.Debug|Any CPU.Build.0 = Debug|Any CPU
		{AF02B0B2-C97E-498F-ACBF-3403BAA61726}.Release|Any CPU.ActiveCfg = Release|Any CPU
		{AF02B0B2-C97E-498F-ACBF-3403BAA61726}.Release|Any CPU.Build.0 = Release|Any CPU
		{9B245968-200E-4D1F-9F31-8E089E5B87AE}.Debug|Any CPU.ActiveCfg = Debug|Any CPU
		{9B245968-200E-4D1F-9F31-8E089E5B87AE}.Debug|Any CPU.Build.0 = Debug|Any CPU
		{9B245968-200E-4D1F-9F31-8E089E5B87AE}.Release|Any CPU.ActiveCfg = Release|Any CPU
		{9B245968-200E-4D1F-9F31-8E089E5B87AE}.Release|Any CPU.Build.0 = Release|Any CPU
		{E0375505-8068-4D33-A602-827F4A0647E4}.Debug|Any CPU.ActiveCfg = Debug|Any CPU
		{E0375505-8068-4D33-A602-827F4A0647E4}.Debug|Any CPU.Build.0 = Debug|Any CPU
		{E0375505-8068-4D33-A602-827F4A0647E4}.Release|Any CPU.ActiveCfg = Release|Any CPU
		{E0375505-8068-4D33-A602-827F4A0647E4}.Release|Any CPU.Build.0 = Release|Any CPU
		{8F402B4B-2D62-40F9-B374-73E20504E488}.Debug|Any CPU.ActiveCfg = Debug|Any CPU
		{8F402B4B-2D62-40F9-B374-73E20504E488}.Debug|Any CPU.Build.0 = Debug|Any CPU
		{8F402B4B-2D62-40F9-B374-73E20504E488}.Release|Any CPU.ActiveCfg = Release|Any CPU
		{8F402B4B-2D62-40F9-B374-73E20504E488}.Release|Any CPU.Build.0 = Release|Any CPU
		{825D0468-7B0F-401C-A6D6-76931DD1D60B}.Debug|Any CPU.ActiveCfg = Debug|Any CPU
		{825D0468-7B0F-401C-A6D6-76931DD1D60B}.Debug|Any CPU.Build.0 = Debug|Any CPU
		{825D0468-7B0F-401C-A6D6-76931DD1D60B}.Release|Any CPU.ActiveCfg = Release|Any CPU
		{825D0468-7B0F-401C-A6D6-76931DD1D60B}.Release|Any CPU.Build.0 = Release|Any CPU
		{C47B2B41-E50D-464D-9C0A-B8D0609841A5}.Debug|Any CPU.ActiveCfg = Debug|Any CPU
		{C47B2B41-E50D-464D-9C0A-B8D0609841A5}.Debug|Any CPU.Build.0 = Debug|Any CPU
		{C47B2B41-E50D-464D-9C0A-B8D0609841A5}.Release|Any CPU.ActiveCfg = Release|Any CPU
		{C47B2B41-E50D-464D-9C0A-B8D0609841A5}.Release|Any CPU.Build.0 = Release|Any CPU
		{52EB206D-3DC9-4A5E-9F90-03CE5F1435E3}.Debug|Any CPU.ActiveCfg = Debug|Any CPU
		{52EB206D-3DC9-4A5E-9F90-03CE5F1435E3}.Debug|Any CPU.Build.0 = Debug|Any CPU
		{52EB206D-3DC9-4A5E-9F90-03CE5F1435E3}.Release|Any CPU.ActiveCfg = Release|Any CPU
		{52EB206D-3DC9-4A5E-9F90-03CE5F1435E3}.Release|Any CPU.Build.0 = Release|Any CPU
		{268F62BB-0B3D-42B0-A31C-90ACDDCF6055}.Debug|Any CPU.ActiveCfg = Debug|Any CPU
		{268F62BB-0B3D-42B0-A31C-90ACDDCF6055}.Debug|Any CPU.Build.0 = Debug|Any CPU
		{268F62BB-0B3D-42B0-A31C-90ACDDCF6055}.Release|Any CPU.ActiveCfg = Release|Any CPU
		{268F62BB-0B3D-42B0-A31C-90ACDDCF6055}.Release|Any CPU.Build.0 = Release|Any CPU
		{B6BCFFF3-C525-4A48-9C7D-36A9FA792DF0}.Debug|Any CPU.ActiveCfg = Debug|Any CPU
		{B6BCFFF3-C525-4A48-9C7D-36A9FA792DF0}.Debug|Any CPU.Build.0 = Debug|Any CPU
		{B6BCFFF3-C525-4A48-9C7D-36A9FA792DF0}.Release|Any CPU.ActiveCfg = Release|Any CPU
		{B6BCFFF3-C525-4A48-9C7D-36A9FA792DF0}.Release|Any CPU.Build.0 = Release|Any CPU
		{F0DC4D69-5AF2-41F2-A0CD-270B6DBBCFDD}.Debug|Any CPU.ActiveCfg = Debug|Any CPU
		{F0DC4D69-5AF2-41F2-A0CD-270B6DBBCFDD}.Debug|Any CPU.Build.0 = Debug|Any CPU
		{F0DC4D69-5AF2-41F2-A0CD-270B6DBBCFDD}.Release|Any CPU.ActiveCfg = Release|Any CPU
		{F0DC4D69-5AF2-41F2-A0CD-270B6DBBCFDD}.Release|Any CPU.Build.0 = Release|Any CPU
		{67AE51E2-8FB2-4BAA-874A-59C76F780D1A}.Debug|Any CPU.ActiveCfg = Debug|Any CPU
		{67AE51E2-8FB2-4BAA-874A-59C76F780D1A}.Debug|Any CPU.Build.0 = Debug|Any CPU
		{67AE51E2-8FB2-4BAA-874A-59C76F780D1A}.Release|Any CPU.ActiveCfg = Release|Any CPU
		{67AE51E2-8FB2-4BAA-874A-59C76F780D1A}.Release|Any CPU.Build.0 = Release|Any CPU
		{4ABFEF06-34A6-4454-8483-66D3646FADC9}.Debug|Any CPU.ActiveCfg = Debug|Any CPU
		{4ABFEF06-34A6-4454-8483-66D3646FADC9}.Debug|Any CPU.Build.0 = Debug|Any CPU
		{4ABFEF06-34A6-4454-8483-66D3646FADC9}.Release|Any CPU.ActiveCfg = Release|Any CPU
		{4ABFEF06-34A6-4454-8483-66D3646FADC9}.Release|Any CPU.Build.0 = Release|Any CPU
		{92DD8BFF-6959-4094-838E-DFA2A8B08E55}.Debug|Any CPU.ActiveCfg = Debug|Any CPU
		{92DD8BFF-6959-4094-838E-DFA2A8B08E55}.Debug|Any CPU.Build.0 = Debug|Any CPU
		{92DD8BFF-6959-4094-838E-DFA2A8B08E55}.Release|Any CPU.ActiveCfg = Release|Any CPU
		{92DD8BFF-6959-4094-838E-DFA2A8B08E55}.Release|Any CPU.Build.0 = Release|Any CPU
		{1CEB047B-FD20-4A1F-8F02-9918A3DD8BF1}.Debug|Any CPU.ActiveCfg = Debug|Any CPU
		{1CEB047B-FD20-4A1F-8F02-9918A3DD8BF1}.Debug|Any CPU.Build.0 = Debug|Any CPU
		{1CEB047B-FD20-4A1F-8F02-9918A3DD8BF1}.Release|Any CPU.ActiveCfg = Release|Any CPU
		{1CEB047B-FD20-4A1F-8F02-9918A3DD8BF1}.Release|Any CPU.Build.0 = Release|Any CPU
	EndGlobalSection
	GlobalSection(SolutionProperties) = preSolution
		HideSolutionNode = FALSE
	EndGlobalSection
	GlobalSection(ExtensibilityGlobals) = postSolution
		SolutionGuid = {7E708CFD-12B4-4371-8295-DDDAB0B701B5}
	EndGlobalSection
EndGlobal
